PODS:
  - BigInt (3.1.0):
    - SipHash (~> 1.2)
  - SipHash (1.2.2)
  - SwiftLint (0.33.0)
  - TrezorCrypto (0.0.9)

DEPENDENCIES:
  - BigInt (~> 3.0)
  - SwiftLint
  - TrezorCrypto (= 0.0.9)

SPEC REPOS:
  https://github.com/cocoapods/specs.git:
    - BigInt
    - SipHash
    - SwiftLint
    - TrezorCrypto

SPEC CHECKSUMS:
  BigInt: 76b5dfdfa3e2e478d4ffdf161aeede5502e2742f
  SipHash: fad90a4683e420c52ef28063063dbbce248ea6d4
  SwiftLint: fed9c66336e41fc74dc48a73678380718f0c8b0e
  TrezorCrypto: bfeea47a052dca2c77d4a39e1e183865e52de14d

PODFILE CHECKSUM: 377238baeca4b3bf6fed99219ee50f147390184e

COCOAPODS: 1.7.0
